
Microsoft Visual Studio Solution File, Format Version 12.00
# Visual Studio Version 17
VisualStudioVersion = 17.2.32630.192
MinimumVisualStudioVersion = 10.0.40219.1
Project("{9A19103F-16F7-4668-BE54-9A1E7A4F7556}") = "BlazorWasmDemo", "BlazorWasmDemo.csproj", "{A9E5798C-4043-47FA-96F4-4C171B6227E1}"
EndProject
Global
	GlobalSection(SolutionConfigurationPlatforms) = preSolution
		Debug|Any CPU = Debug|Any CPU
		Release|Any CPU = Release|Any CPU
	EndGlobalSection
	GlobalSection(ProjectConfigurationPlatforms) = postSolution
		{A9E5798C-4043-47FA-96F4-4C171B6227E1}.Debug|Any CPU.ActiveCfg = Debug|Any CPU
		{A9E5798C-4043-47FA-96F4-4C171B6227E1}.Debug|Any CPU.Build.0 = Debug|Any CPU
		{A9E5798C-4043-47FA-96F4-4C171B6227E1}.Release|Any CPU.ActiveCfg = Release|Any CPU
		{A9E5798C-4043-47FA-96F4-4C171B6227E1}.Release|Any CPU.Build.0 = Release|Any CPU
	EndGlobalSection
	GlobalSection(SolutionProperties) = preSolution
		HideSolutionNode = FALSE
	EndGlobalSection
	GlobalSection(ExtensibilityGlobals) = postSolution
		SolutionGuid = {CCF2B6DD-15CB-48CB-B58F-C729D3CCFB15}
	EndGlobalSection
EndGlobal
